Microsoft Visual Studio Solution File, Format Version 12.00
# Visual Studio Version 17
VisualStudioVersion = 17.5.2.0
MinimumVisualStudioVersion = 10.0.40219.1
Project("{FAE04EC0-301F-11D3-BF4B-00C04F79EFBC}") = "trabajos-tl2-all-in-one", "trabajos-tl2-all-in-one.csproj", "{EDBEFD14-B0A2-D773-78AA-844823D0A524}"
EndProject
Global
	GlobalSection(SolutionConfigurationPlatforms) = preSolution
		Debug|Any CPU = Debug|Any CPU
		Release|Any CPU = Release|Any CPU
	EndGlobalSection
	GlobalSection(ProjectConfigurationPlatforms) = postSolution
		{EDBEFD14-B0A2-D773-78AA-844823D0A524}.Debug|Any CPU.ActiveCfg = Debug|Any CPU
		{EDBEFD14-B0A2-D773-78AA-844823D0A524}.Debug|Any CPU.Build.0 = Debug|Any CPU
		{EDBEFD14-B0A2-D773-78AA-844823D0A524}.Release|Any CPU.ActiveCfg = Release|Any CPU
		{EDBEFD14-B0A2-D773-78AA-844823D0A524}.Release|Any CPU.Build.0 = Release|Any CPU
	EndGlobalSection
	GlobalSection(SolutionProperties) = preSolution
		HideSolutionNode = FALSE
	EndGlobalSection
	GlobalSection(ExtensibilityGlobals) = postSolution
		SolutionGuid = {B6E628B4-AED4-494C-9BDF-EC4D70C1AD1C}
	EndGlobalSection
EndGlobal
